
Microsoft Visual Studio Solution File, Format Version 12.00
# Visual Studio Version 17
VisualStudioVersion = 17.7.34031.279
MinimumVisualStudioVersion = 10.0.40219.1
Project("{FAE04EC0-301F-11D3-BF4B-00C04F79EFBC}") = "GridPromocional", "GridPromocional\GridPromocional.csproj", "{C729A182-AAC4-41A8-B64B-104AF34A991C}"
EndProject
Global
	GlobalSection(SolutionConfigurationPlatforms) = preSolution
		Debug|Any CPU = Debug|Any CPU
		Release|Any CPU = Release|Any CPU
	EndGlobalSection
	GlobalSection(ProjectConfigurationPlatforms) = postSolution
		{C729A182-AAC4-41A8-B64B-104AF34A991C}.Debug|Any CPU.ActiveCfg = Debug|Any CPU
		{C729A182-AAC4-41A8-B64B-104AF34A991C}.Debug|Any CPU.Build.0 = Debug|Any CPU
		{C729A182-AAC4-41A8-B64B-104AF34A991C}.Release|Any CPU.ActiveCfg = Release|Any CPU
		{C729A182-AAC4-41A8-B64B-104AF34A991C}.Release|Any CPU.Build.0 = Release|Any CPU
	EndGlobalSection
	GlobalSection(SolutionProperties) = preSolution
		HideSolutionNode = FALSE
	EndGlobalSection
	GlobalSection(ExtensibilityGlobals) = postSolution
		SolutionGuid = {A3F4D2E9-8229-47B6-A8BD-35A50C6BF361}
	EndGlobalSection
EndGlobal
